
Microsoft Visual Studio Solution File, Format Version 12.00
Project("{FAE04EC0-301F-11D3-BF4B-00C04F79EFBC}") = "TodoList.Api", "src\TodoList.Api\TodoList.Api.csproj", "{7C4477CA-A6F0-437A-BB2C-08036EDE92D5}"
EndProject
Project("{F2A71F9B-5D33-465A-A702-920D77279786}") = "TodoList.Core", "src\TodoList.Core\TodoList.Core.fsproj", "{A284D648-2523-4E65-A5AE-362EA10B8363}"
EndProject
Project("{FAE04EC0-301F-11D3-BF4B-00C04F79EFBC}") = "TodoList.Infrastructure", "src\TodoList.Infrastructure\TodoList.Infrastructure.csproj", "{B2F208B2-2E1A-4CDA-BFBD-22E70F9FE832}"
EndProject
Global
	GlobalSection(SolutionConfigurationPlatforms) = preSolution
		Debug|Any CPU = Debug|Any CPU
		Release|Any CPU = Release|Any CPU
	EndGlobalSection
	GlobalSection(ProjectConfigurationPlatforms) = postSolution
		{7C4477CA-A6F0-437A-BB2C-08036EDE92D5}.Debug|Any CPU.ActiveCfg = Debug|Any CPU
		{7C4477CA-A6F0-437A-BB2C-08036EDE92D5}.Debug|Any CPU.Build.0 = Debug|Any CPU
		{7C4477CA-A6F0-437A-BB2C-08036EDE92D5}.Release|Any CPU.ActiveCfg = Release|Any CPU
		{7C4477CA-A6F0-437A-BB2C-08036EDE92D5}.Release|Any CPU.Build.0 = Release|Any CPU
		{A284D648-2523-4E65-A5AE-362EA10B8363}.Debug|Any CPU.ActiveCfg = Debug|Any CPU
		{A284D648-2523-4E65-A5AE-362EA10B8363}.Debug|Any CPU.Build.0 = Debug|Any CPU
		{A284D648-2523-4E65-A5AE-362EA10B8363}.Release|Any CPU.ActiveCfg = Release|Any CPU
		{A284D648-2523-4E65-A5AE-362EA10B8363}.Release|Any CPU.Build.0 = Release|Any CPU
		{B2F208B2-2E1A-4CDA-BFBD-22E70F9FE832}.Debug|Any CPU.ActiveCfg = Debug|Any CPU
		{B2F208B2-2E1A-4CDA-BFBD-22E70F9FE832}.Debug|Any CPU.Build.0 = Debug|Any CPU
		{B2F208B2-2E1A-4CDA-BFBD-22E70F9FE832}.Release|Any CPU.ActiveCfg = Release|Any CPU
		{B2F208B2-2E1A-4CDA-BFBD-22E70F9FE832}.Release|Any CPU.Build.0 = Release|Any CPU
	EndGlobalSection
EndGlobal
